
Microsoft Visual Studio Solution File, Format Version 12.00
# Visual Studio Version 17
VisualStudioVersion = 17.11.35303.130
MinimumVisualStudioVersion = 10.0.40219.1
Project("{FAE04EC0-301F-11D3-BF4B-00C04F79EFBC}") = "TrainingDetail.App", "TrainingDetail.App\TrainingDetail.App.csproj", "{FBB1B673-CCEA-4AAB-9450-1AC1E40830F5}"
EndProject
Global
	GlobalSection(SolutionConfigurationPlatforms) = preSolution
		Debug|Any CPU = Debug|Any CPU
		Release|Any CPU = Release|Any CPU
	EndGlobalSection
	GlobalSection(ProjectConfigurationPlatforms) = postSolution
		{FBB1B673-CCEA-4AAB-9450-1AC1E40830F5}.Debug|Any CPU.ActiveCfg = Debug|Any CPU
		{FBB1B673-CCEA-4AAB-9450-1AC1E40830F5}.Debug|Any CPU.Build.0 = Debug|Any CPU
		{FBB1B673-CCEA-4AAB-9450-1AC1E40830F5}.Release|Any CPU.ActiveCfg = Release|Any CPU
		{FBB1B673-CCEA-4AAB-9450-1AC1E40830F5}.Release|Any CPU.Build.0 = Release|Any CPU
	EndGlobalSection
	GlobalSection(SolutionProperties) = preSolution
		HideSolutionNode = FALSE
	EndGlobalSection
	GlobalSection(ExtensibilityGlobals) = postSolution
		SolutionGuid = {09B86027-94E1-49E2-86E4-2265DA4E5A81}
	EndGlobalSection
EndGlobal
